
Microsoft Visual Studio Solution File, Format Version 12.00
# Visual Studio Version 17
VisualStudioVersion = 17.9.34728.123
MinimumVisualStudioVersion = 10.0.40219.1
Project("{2150E333-8FDC-42A3-9474-1A3956D46DE8}") = "solution files", "solution files", "{97366CFB-3A1C-4982-BBBC-508079DDE60C}"
	ProjectSection(SolutionItems) = preProject
		Directory.Build.props = Directory.Build.props
		Directory.Build.targets = Directory.Build.targets
	EndProjectSection
EndProject
Project("{2150E333-8FDC-42A3-9474-1A3956D46DE8}") = "sandbox", "sandbox", "{F43E0215-4EB8-4B79-A376-A8EB352344DD}"
EndProject
Project("{9A19103F-16F7-4668-BE54-9A1E7A4F7556}") = "FastExcelSlim.Core", "src\FastExcelSlim.Core\FastExcelSlim.Core.csproj", "{EE4CD2BF-D6F4-496B-912B-4C01D91B809D}"
EndProject
Project("{FAE04EC0-301F-11D3-BF4B-00C04F79EFBC}") = "FastExcelSlim.Generator", "src\FastExcelSlim.Generator\FastExcelSlim.Generator.csproj", "{9142E1B6-A7C4-42AA-846B-F9DC520A8869}"
EndProject
Project("{FAE04EC0-301F-11D3-BF4B-00C04F79EFBC}") = "FastExcelSlim", "src\FastExcelSlim\FastExcelSlim.csproj", "{E434965A-BA3D-42AC-BADC-33B64D552C5E}"
EndProject
Project("{FAE04EC0-301F-11D3-BF4B-00C04F79EFBC}") = "SandboxConsoleApp", "sanbox\SandboxConsoleApp\SandboxConsoleApp.csproj", "{7674D73C-2085-4D0D-9212-2923568BAEB7}"
EndProject
Project("{FAE04EC0-301F-11D3-BF4B-00C04F79EFBC}") = "Benchmark", "sanbox\Benchmark\Benchmark.csproj", "{3C4638E6-1DB8-44B1-8B96-C570A54D514B}"
EndProject
Project("{2150E333-8FDC-42A3-9474-1A3956D46DE8}") = "src", "src", "{DD4F42BA-6368-4F42-A056-FC87D1CA51E0}"
EndProject
Global
	GlobalSection(SolutionConfigurationPlatforms) = preSolution
		Debug|Any CPU = Debug|Any CPU
		Release|Any CPU = Release|Any CPU
	EndGlobalSection
	GlobalSection(ProjectConfigurationPlatforms) = postSolution
		{EE4CD2BF-D6F4-496B-912B-4C01D91B809D}.Debug|Any CPU.ActiveCfg = Debug|Any CPU
		{EE4CD2BF-D6F4-496B-912B-4C01D91B809D}.Debug|Any CPU.Build.0 = Debug|Any CPU
		{EE4CD2BF-D6F4-496B-912B-4C01D91B809D}.Release|Any CPU.ActiveCfg = Release|Any CPU
		{EE4CD2BF-D6F4-496B-912B-4C01D91B809D}.Release|Any CPU.Build.0 = Release|Any CPU
		{9142E1B6-A7C4-42AA-846B-F9DC520A8869}.Debug|Any CPU.ActiveCfg = Debug|Any CPU
		{9142E1B6-A7C4-42AA-846B-F9DC520A8869}.Debug|Any CPU.Build.0 = Debug|Any CPU
		{9142E1B6-A7C4-42AA-846B-F9DC520A8869}.Release|Any CPU.ActiveCfg = Release|Any CPU
		{9142E1B6-A7C4-42AA-846B-F9DC520A8869}.Release|Any CPU.Build.0 = Release|Any CPU
		{E434965A-BA3D-42AC-BADC-33B64D552C5E}.Debug|Any CPU.ActiveCfg = Debug|Any CPU
		{E434965A-BA3D-42AC-BADC-33B64D552C5E}.Debug|Any CPU.Build.0 = Debug|Any CPU
		{E434965A-BA3D-42AC-BADC-33B64D552C5E}.Release|Any CPU.ActiveCfg = Release|Any CPU
		{E434965A-BA3D-42AC-BADC-33B64D552C5E}.Release|Any CPU.Build.0 = Release|Any CPU
		{7674D73C-2085-4D0D-9212-2923568BAEB7}.Debug|Any CPU.ActiveCfg = Debug|Any CPU
		{7674D73C-2085-4D0D-9212-2923568BAEB7}.Debug|Any CPU.Build.0 = Debug|Any CPU
		{7674D73C-2085-4D0D-9212-2923568BAEB7}.Release|Any CPU.ActiveCfg = Release|Any CPU
		{7674D73C-2085-4D0D-9212-2923568BAEB7}.Release|Any CPU.Build.0 = Release|Any CPU
		{3C4638E6-1DB8-44B1-8B96-C570A54D514B}.Debug|Any CPU.ActiveCfg = Debug|Any CPU
		{3C4638E6-1DB8-44B1-8B96-C570A54D514B}.Debug|Any CPU.Build.0 = Debug|Any CPU
		{3C4638E6-1DB8-44B1-8B96-C570A54D514B}.Release|Any CPU.ActiveCfg = Release|Any CPU
		{3C4638E6-1DB8-44B1-8B96-C570A54D514B}.Release|Any CPU.Build.0 = Release|Any CPU
	EndGlobalSection
	GlobalSection(SolutionProperties) = preSolution
		HideSolutionNode = FALSE
	EndGlobalSection
	GlobalSection(NestedProjects) = preSolution
		{EE4CD2BF-D6F4-496B-912B-4C01D91B809D} = {DD4F42BA-6368-4F42-A056-FC87D1CA51E0}
		{9142E1B6-A7C4-42AA-846B-F9DC520A8869} = {DD4F42BA-6368-4F42-A056-FC87D1CA51E0}
		{E434965A-BA3D-42AC-BADC-33B64D552C5E} = {DD4F42BA-6368-4F42-A056-FC87D1CA51E0}
		{7674D73C-2085-4D0D-9212-2923568BAEB7} = {F43E0215-4EB8-4B79-A376-A8EB352344DD}
		{3C4638E6-1DB8-44B1-8B96-C570A54D514B} = {F43E0215-4EB8-4B79-A376-A8EB352344DD}
	EndGlobalSection
	GlobalSection(ExtensibilityGlobals) = postSolution
		SolutionGuid = {4CFC3816-89AA-4755-8E3B-0F0AA930CD5D}
	EndGlobalSection
EndGlobal
